
Microsoft Visual Studio Solution File, Format Version 12.00
# Visual Studio 15
VisualStudioVersion = 15.0.27130.2036
MinimumVisualStudioVersion = 10.0.40219.1
Project("{FAE04EC0-301F-11D3-BF4B-00C04F79EFBC}") = "SimulationSystem", "SimulationSystem\SimulationSystem.csproj", "{6411321E-5A42-4DBC-B5B9-B9080976A0CC}"
EndProject
Project("{FAE04EC0-301F-11D3-BF4B-00C04F79EFBC}") = "SimulationSystem.Tests", "SimulationSystem.Tests\SimulationSystem.Tests.csproj", "{603DC211-2588-4820-8D3E-4EC06A345268}"
EndProject
Global
	GlobalSection(SolutionConfigurationPlatforms) = preSolution
		Debug|Any CPU = Debug|Any CPU
		Release|Any CPU = Release|Any CPU
	EndGlobalSection
	GlobalSection(ProjectConfigurationPlatforms) = postSolution
		{6411321E-5A42-4DBC-B5B9-B9080976A0CC}.Debug|Any CPU.ActiveCfg = Debug|Any CPU
		{6411321E-5A42-4DBC-B5B9-B9080976A0CC}.Debug|Any CPU.Build.0 = Debug|Any CPU
		{6411321E-5A42-4DBC-B5B9-B9080976A0CC}.Release|Any CPU.ActiveCfg = Release|Any CPU
		{6411321E-5A42-4DBC-B5B9-B9080976A0CC}.Release|Any CPU.Build.0 = Release|Any CPU
		{603DC211-2588-4820-8D3E-4EC06A345268}.Debug|Any CPU.ActiveCfg = Debug|Any CPU
		{603DC211-2588-4820-8D3E-4EC06A345268}.Debug|Any CPU.Build.0 = Debug|Any CPU
		{603DC211-2588-4820-8D3E-4EC06A345268}.Release|Any CPU.ActiveCfg = Release|Any CPU
		{603DC211-2588-4820-8D3E-4EC06A345268}.Release|Any CPU.Build.0 = Release|Any CPU
	EndGlobalSection
	GlobalSection(SolutionProperties) = preSolution
		HideSolutionNode = FALSE
	EndGlobalSection
	GlobalSection(ExtensibilityGlobals) = postSolution
		SolutionGuid = {4E1A4C72-B60C-44E5-855F-61EC5231D530}
	EndGlobalSection
EndGlobal
